{
  "lockfileVersion": 1,
  "workspaces": {
    "": {
      "name": "ai-chat-md-export",
      "dependencies": {
        "commander": "^14.0.0",
        "zod": "^4.0.5",
      },
      "devDependencies": {
        "@biomejs/biome": "2.0.6",
        "@lcov-viewer/cli": "^1.3.0",
        "@release-it/conventional-changelog": "^10.0.1",
        "@types/bun": "^1.2.18",
        "@types/node": "^24.0.13",
        "husky": "^9.1.7",
        "knip": "^5.61.3",
        "npm-check-updates": "^18.0.1",
        "release-it": "^19.0.3",
        "typescript": "^5.8.3",
      },
    },
  },
  "trustedDependencies": [
    "@biomejs/biome",
  ],
  "packages": {
    "@babel/code-frame": ["@babel/code-frame@7.27.1", "", { "dependencies": { "@babel/helper-validator-identifier": "^7.27.1", "js-tokens": "^4.0.0", "picocolors": "^1.1.1" } }, ""],

    "@babel/helper-validator-identifier": ["@babel/helper-validator-identifier@7.27.1", "", {}, ""],

    "@biomejs/biome": ["@biomejs/biome@2.0.6", "", { "optionalDependencies": { "@biomejs/cli-darwin-arm64": "2.0.6", "@biomejs/cli-darwin-x64": "2.0.6", "@biomejs/cli-linux-arm64": "2.0.6", "@biomejs/cli-linux-arm64-musl": "2.0.6", "@biomejs/cli-linux-x64": "2.0.6", "@biomejs/cli-linux-x64-musl": "2.0.6", "@biomejs/cli-win32-arm64": "2.0.6", "@biomejs/cli-win32-x64": "2.0.6" }, "bin": { "biome": "bin/biome" } }, "sha512-RRP+9cdh5qwe2t0gORwXaa27oTOiQRQvrFf49x2PA1tnpsyU7FIHX4ZOFMtBC4QNtyWsN7Dqkf5EDbg4X+9iqA=="],

    "@biomejs/cli-darwin-arm64": ["@biomejs/cli-darwin-arm64@2.0.6", "", { "os": "darwin", "cpu": "arm64" }, "sha512-AzdiNNjNzsE6LfqWyBvcL29uWoIuZUkndu+wwlXW13EKcBHbbKjNQEZIJKYDc6IL+p7bmWGx3v9ZtcRyIoIz5A=="],

    "@biomejs/cli-darwin-x64": ["@biomejs/cli-darwin-x64@2.0.6", "", { "os": "darwin", "cpu": "x64" }, "sha512-wJjjP4E7bO4WJmiQaLnsdXMa516dbtC6542qeRkyJg0MqMXP0fvs4gdsHhZ7p9XWTAmGIjZHFKXdsjBvKGIJJQ=="],

    "@biomejs/cli-linux-arm64": ["@biomejs/cli-linux-arm64@2.0.6", "", { "os": "linux", "cpu": "arm64" }, "sha512-ZSVf6TYo5rNMUHIW1tww+rs/krol7U5A1Is/yzWyHVZguuB0lBnIodqyFuwCNqG9aJGyk7xIMS8HG0qGUPz0SA=="],

    "@biomejs/cli-linux-arm64-musl": ["@biomejs/cli-linux-arm64-musl@2.0.6", "", { "os": "linux", "cpu": "arm64" }, "sha512-CVPEMlin3bW49sBqLBg2x016Pws7eUXA27XYDFlEtponD0luYjg2zQaMJ2nOqlkKG9fqzzkamdYxHdMDc2gZFw=="],

    "@biomejs/cli-linux-x64": ["@biomejs/cli-linux-x64@2.0.6", "", { "os": "linux", "cpu": "x64" }, "sha512-geM1MkHTV1Kh2Cs/Xzot9BOF3WBacihw6bkEmxkz4nSga8B9/hWy5BDiOG3gHDGIBa8WxT0nzsJs2f/hPqQIQw=="],

    "@biomejs/cli-linux-x64-musl": ["@biomejs/cli-linux-x64-musl@2.0.6", "", { "os": "linux", "cpu": "x64" }, "sha512-mKHE/e954hR/hSnAcJSjkf4xGqZc/53Kh39HVW1EgO5iFi0JutTN07TSjEMg616julRtfSNJi0KNyxvc30Y4rQ=="],

    "@biomejs/cli-win32-arm64": ["@biomejs/cli-win32-arm64@2.0.6", "", { "os": "win32", "cpu": "arm64" }, "sha512-290V4oSFoKaprKE1zkYVsDfAdn0An5DowZ+GIABgjoq1ndhvNxkJcpxPsiYtT7slbVe3xmlT0ncdfOsN7KruzA=="],

    "@biomejs/cli-win32-x64": ["@biomejs/cli-win32-x64@2.0.6", "", { "os": "win32", "cpu": "x64" }, "sha512-bfM1Bce0d69Ao7pjTjUS+AWSZ02+5UHdiAP85Th8e9yV5xzw6JrHXbL5YWlcEKQ84FIZMdDc7ncuti1wd2sdbw=="],

    "@conventional-changelog/git-client": ["@conventional-changelog/git-client@1.0.1", "", { "dependencies": { "@types/semver": "^7.5.5", "semver": "^7.5.2" }, "peerDependencies": { "conventional-commits-filter": "^5.0.0", "conventional-commits-parser": "^6.0.0" } }, ""],

    "@hutson/parse-repository-url": ["@hutson/parse-repository-url@5.0.0", "", {}, ""],

    "@inquirer/checkbox": ["@inquirer/checkbox@4.1.9", "", { "dependencies": { "@inquirer/core": "^10.1.14", "@inquirer/figures": "^1.0.12", "@inquirer/type": "^3.0.7", "ansi-escapes": "^4.3.2", "yoctocolors-cjs": "^2.1.2" }, "peerDependencies": { "@types/node": ">=18" } }, ""],

    "@inquirer/confirm": ["@inquirer/confirm@5.1.13", "", { "dependencies": { "@inquirer/core": "^10.1.14", "@inquirer/type": "^3.0.7" }, "peerDependencies": { "@types/node": ">=18" } }, ""],

    "@inquirer/core": ["@inquirer/core@10.1.14", "", { "dependencies": { "@inquirer/figures": "^1.0.12", "@inquirer/type": "^3.0.7", "ansi-escapes": "^4.3.2", "cli-width": "^4.1.0", "mute-stream": "^2.0.0", "signal-exit": "^4.1.0", "wrap-ansi": "^6.2.0", "yoctocolors-cjs": "^2.1.2" }, "peerDependencies": { "@types/node": ">=18" } }, ""],

    "@inquirer/editor": ["@inquirer/editor@4.2.14", "", { "dependencies": { "@inquirer/core": "^10.1.14", "@inquirer/type": "^3.0.7", "external-editor": "^3.1.0" }, "peerDependencies": { "@types/node": ">=18" } }, ""],

    "@inquirer/expand": ["@inquirer/expand@4.0.16", "", { "dependencies": { "@inquirer/core": "^10.1.14", "@inquirer/type": "^3.0.7", "yoctocolors-cjs": "^2.1.2" }, "peerDependencies": { "@types/node": ">=18" } }, ""],

    "@inquirer/figures": ["@inquirer/figures@1.0.12", "", {}, ""],

    "@inquirer/input": ["@inquirer/input@4.2.0", "", { "dependencies": { "@inquirer/core": "^10.1.14", "@inquirer/type": "^3.0.7" }, "peerDependencies": { "@types/node": ">=18" } }, ""],

    "@inquirer/number": ["@inquirer/number@3.0.16", "", { "dependencies": { "@inquirer/core": "^10.1.14", "@inquirer/type": "^3.0.7" }, "peerDependencies": { "@types/node": ">=18" } }, ""],

    "@inquirer/password": ["@inquirer/password@4.0.16", "", { "dependencies": { "@inquirer/core": "^10.1.14", "@inquirer/type": "^3.0.7", "ansi-escapes": "^4.3.2" }, "peerDependencies": { "@types/node": ">=18" } }, ""],

    "@inquirer/prompts": ["@inquirer/prompts@7.6.0", "", { "dependencies": { "@inquirer/checkbox": "^4.1.9", "@inquirer/confirm": "^5.1.13", "@inquirer/editor": "^4.2.14", "@inquirer/expand": "^4.0.16", "@inquirer/input": "^4.2.0", "@inquirer/number": "^3.0.16", "@inquirer/password": "^4.0.16", "@inquirer/rawlist": "^4.1.4", "@inquirer/search": "^3.0.16", "@inquirer/select": "^4.2.4" }, "peerDependencies": { "@types/node": ">=18" } }, ""],

    "@inquirer/rawlist": ["@inquirer/rawlist@4.1.4", "", { "dependencies": { "@inquirer/core": "^10.1.14", "@inquirer/type": "^3.0.7", "yoctocolors-cjs": "^2.1.2" }, "peerDependencies": { "@types/node": ">=18" } }, ""],

    "@inquirer/search": ["@inquirer/search@3.0.16", "", { "dependencies": { "@inquirer/core": "^10.1.14", "@inquirer/figures": "^1.0.12", "@inquirer/type": "^3.0.7", "yoctocolors-cjs": "^2.1.2" }, "peerDependencies": { "@types/node": ">=18" } }, ""],

    "@inquirer/select": ["@inquirer/select@4.2.4", "", { "dependencies": { "@inquirer/core": "^10.1.14", "@inquirer/figures": "^1.0.12", "@inquirer/type": "^3.0.7", "ansi-escapes": "^4.3.2", "yoctocolors-cjs": "^2.1.2" }, "peerDependencies": { "@types/node": ">=18" } }, ""],

    "@inquirer/type": ["@inquirer/type@3.0.7", "", { "peerDependencies": { "@types/node": ">=18" } }, ""],

    "@lcov-viewer/cli": ["@lcov-viewer/cli@1.3.0", "", { "dependencies": { "commander": "^9.3.0" }, "bin": { "lcov-viewer": "lib/index.js" } }, ""],

    "@nodelib/fs.scandir": ["@nodelib/fs.scandir@2.1.5", "", { "dependencies": { "@nodelib/fs.stat": "2.0.5", "run-parallel": "^1.1.9" } }, ""],

    "@nodelib/fs.stat": ["@nodelib/fs.stat@2.0.5", "", {}, ""],

    "@nodelib/fs.walk": ["@nodelib/fs.walk@1.2.8", "", { "dependencies": { "@nodelib/fs.scandir": "2.1.5", "fastq": "^1.6.0" } }, ""],

    "@nodeutils/defaults-deep": ["@nodeutils/defaults-deep@1.1.0", "", { "dependencies": { "lodash": "^4.15.0" } }, ""],

    "@octokit/auth-token": ["@octokit/auth-token@5.1.2", "", {}, ""],

    "@octokit/core": ["@octokit/core@6.1.5", "", { "dependencies": { "@octokit/auth-token": "^5.0.0", "@octokit/graphql": "^8.2.2", "@octokit/request": "^9.2.3", "@octokit/request-error": "^6.1.8", "@octokit/types": "^14.0.0", "before-after-hook": "^3.0.2", "universal-user-agent": "^7.0.0" } }, ""],

    "@octokit/endpoint": ["@octokit/endpoint@10.1.4", "", { "dependencies": { "@octokit/types": "^14.0.0", "universal-user-agent": "^7.0.2" } }, ""],

    "@octokit/graphql": ["@octokit/graphql@8.2.2", "", { "dependencies": { "@octokit/request": "^9.2.3", "@octokit/types": "^14.0.0", "universal-user-agent": "^7.0.0" } }, ""],

    "@octokit/openapi-types": ["@octokit/openapi-types@25.1.0", "", {}, ""],

    "@octokit/plugin-paginate-rest": ["@octokit/plugin-paginate-rest@11.6.0", "", { "dependencies": { "@octokit/types": "^13.10.0" }, "peerDependencies": { "@octokit/core": ">=6" } }, ""],

    "@octokit/plugin-request-log": ["@octokit/plugin-request-log@5.3.1", "", { "peerDependencies": { "@octokit/core": ">=6" } }, ""],

    "@octokit/plugin-rest-endpoint-methods": ["@octokit/plugin-rest-endpoint-methods@13.5.0", "", { "dependencies": { "@octokit/types": "^13.10.0" }, "peerDependencies": { "@octokit/core": ">=6" } }, ""],

    "@octokit/request": ["@octokit/request@9.2.4", "", { "dependencies": { "@octokit/endpoint": "^10.1.4", "@octokit/request-error": "^6.1.8", "@octokit/types": "^14.0.0", "fast-content-type-parse": "^2.0.0", "universal-user-agent": "^7.0.2" } }, ""],

    "@octokit/request-error": ["@octokit/request-error@6.1.8", "", { "dependencies": { "@octokit/types": "^14.0.0" } }, ""],

    "@octokit/rest": ["@octokit/rest@21.1.1", "", { "dependencies": { "@octokit/core": "^6.1.4", "@octokit/plugin-paginate-rest": "^11.4.2", "@octokit/plugin-request-log": "^5.3.1", "@octokit/plugin-rest-endpoint-methods": "^13.3.0" } }, ""],

    "@octokit/types": ["@octokit/types@14.1.0", "", { "dependencies": { "@octokit/openapi-types": "^25.1.0" } }, ""],

    "@oxc-resolver/binding-darwin-arm64": ["@oxc-resolver/binding-darwin-arm64@11.5.2", "", { "os": "darwin", "cpu": "arm64" }, ""],

    "@phun-ky/typeof": ["@phun-ky/typeof@1.2.8", "", {}, ""],

    "@release-it/conventional-changelog": ["@release-it/conventional-changelog@10.0.1", "", { "dependencies": { "concat-stream": "^2.0.0", "conventional-changelog": "^6.0.0", "conventional-recommended-bump": "^10.0.0", "git-semver-tags": "^8.0.0", "semver": "^7.6.3" }, "peerDependencies": { "release-it": "^18.0.0 || ^19.0.0" } }, ""],

    "@tootallnate/quickjs-emscripten": ["@tootallnate/quickjs-emscripten@0.23.0", "", {}, ""],

    "@types/bun": ["@types/bun@1.2.18", "", { "dependencies": { "bun-types": "1.2.18" } }, ""],

    "@types/node": ["@types/node@24.0.13", "", { "dependencies": { "undici-types": "~7.8.0" } }, "sha512-Qm9OYVOFHFYg3wJoTSrz80hoec5Lia/dPp84do3X7dZvLikQvM1YpmvTBEdIr/e+U8HTkFjLHLnl78K/qjf+jQ=="],

    "@types/normalize-package-data": ["@types/normalize-package-data@2.4.4", "", {}, ""],

    "@types/parse-path": ["@types/parse-path@7.1.0", "", { "dependencies": { "parse-path": "*" } }, ""],

    "@types/react": ["@types/react@19.1.8", "", { "dependencies": { "csstype": "^3.0.2" } }, ""],

    "@types/semver": ["@types/semver@7.7.0", "", {}, ""],

    "add-stream": ["add-stream@1.0.0", "", {}, ""],

    "agent-base": ["agent-base@7.1.4", "", {}, ""],

    "ansi-escapes": ["ansi-escapes@4.3.2", "", { "dependencies": { "type-fest": "^0.21.3" } }, ""],

    "ansi-regex": ["ansi-regex@6.1.0", "", {}, ""],

    "ansi-styles": ["ansi-styles@4.3.0", "", { "dependencies": { "color-convert": "^2.0.1" } }, ""],

    "argparse": ["argparse@2.0.1", "", {}, ""],

    "array-ify": ["array-ify@1.0.0", "", {}, ""],

    "ast-types": ["ast-types@0.13.4", "", { "dependencies": { "tslib": "^2.0.1" } }, ""],

    "async-retry": ["async-retry@1.3.3", "", { "dependencies": { "retry": "0.13.1" } }, ""],

    "basic-ftp": ["basic-ftp@5.0.5", "", {}, ""],

    "before-after-hook": ["before-after-hook@3.0.2", "", {}, ""],

    "braces": ["braces@3.0.3", "", { "dependencies": { "fill-range": "^7.1.1" } }, ""],

    "buffer-from": ["buffer-from@1.1.2", "", {}, ""],

    "bun-types": ["bun-types@1.2.18", "", { "dependencies": { "@types/node": "*" }, "peerDependencies": { "@types/react": "^19" } }, ""],

    "bundle-name": ["bundle-name@4.1.0", "", { "dependencies": { "run-applescript": "^7.0.0" } }, ""],

    "c12": ["c12@3.0.4", "", { "dependencies": { "chokidar": "^4.0.3", "confbox": "^0.2.2", "defu": "^6.1.4", "dotenv": "^16.5.0", "exsolve": "^1.0.5", "giget": "^2.0.0", "jiti": "^2.4.2", "ohash": "^2.0.11", "pathe": "^2.0.3", "perfect-debounce": "^1.0.0", "pkg-types": "^2.1.0", "rc9": "^2.1.2" }, "peerDependencies": { "magicast": "^0.3.5" }, "optionalPeers": ["magicast"] }, ""],

    "chalk": ["chalk@5.4.1", "", {}, ""],

    "chardet": ["chardet@0.7.0", "", {}, ""],

    "chokidar": ["chokidar@4.0.3", "", { "dependencies": { "readdirp": "^4.0.1" } }, ""],

    "ci-info": ["ci-info@4.3.0", "", {}, ""],

    "citty": ["citty@0.1.6", "", { "dependencies": { "consola": "^3.2.3" } }, ""],

    "cli-cursor": ["cli-cursor@5.0.0", "", { "dependencies": { "restore-cursor": "^5.0.0" } }, ""],

    "cli-spinners": ["cli-spinners@2.9.2", "", {}, ""],

    "cli-width": ["cli-width@4.1.0", "", {}, ""],

    "color-convert": ["color-convert@2.0.1", "", { "dependencies": { "color-name": "~1.1.4" } }, ""],

    "color-name": ["color-name@1.1.4", "", {}, ""],

    "commander": ["commander@14.0.0", "", {}, ""],

    "compare-func": ["compare-func@2.0.0", "", { "dependencies": { "array-ify": "^1.0.0", "dot-prop": "^5.1.0" } }, ""],

    "concat-stream": ["concat-stream@2.0.0", "", { "dependencies": { "buffer-from": "^1.0.0", "inherits": "^2.0.3", "readable-stream": "^3.0.2", "typedarray": "^0.0.6" } }, ""],

    "confbox": ["confbox@0.2.2", "", {}, ""],

    "consola": ["consola@3.4.2", "", {}, ""],

    "conventional-changelog": ["conventional-changelog@6.0.0", "", { "dependencies": { "conventional-changelog-angular": "^8.0.0", "conventional-changelog-atom": "^5.0.0", "conventional-changelog-codemirror": "^5.0.0", "conventional-changelog-conventionalcommits": "^8.0.0", "conventional-changelog-core": "^8.0.0", "conventional-changelog-ember": "^5.0.0", "conventional-changelog-eslint": "^6.0.0", "conventional-changelog-express": "^5.0.0", "conventional-changelog-jquery": "^6.0.0", "conventional-changelog-jshint": "^5.0.0", "conventional-changelog-preset-loader": "^5.0.0" } }, ""],

    "conventional-changelog-angular": ["conventional-changelog-angular@8.0.0", "", { "dependencies": { "compare-func": "^2.0.0" } }, ""],

    "conventional-changelog-atom": ["conventional-changelog-atom@5.0.0", "", {}, ""],

    "conventional-changelog-codemirror": ["conventional-changelog-codemirror@5.0.0", "", {}, ""],

    "conventional-changelog-conventionalcommits": ["conventional-changelog-conventionalcommits@8.0.0", "", { "dependencies": { "compare-func": "^2.0.0" } }, ""],

    "conventional-changelog-core": ["conventional-changelog-core@8.0.0", "", { "dependencies": { "@hutson/parse-repository-url": "^5.0.0", "add-stream": "^1.0.0", "conventional-changelog-writer": "^8.0.0", "conventional-commits-parser": "^6.0.0", "git-raw-commits": "^5.0.0", "git-semver-tags": "^8.0.0", "hosted-git-info": "^7.0.0", "normalize-package-data": "^6.0.0", "read-package-up": "^11.0.0", "read-pkg": "^9.0.0" } }, ""],

    "conventional-changelog-ember": ["conventional-changelog-ember@5.0.0", "", {}, ""],

    "conventional-changelog-eslint": ["conventional-changelog-eslint@6.0.0", "", {}, ""],

    "conventional-changelog-express": ["conventional-changelog-express@5.0.0", "", {}, ""],

    "conventional-changelog-jquery": ["conventional-changelog-jquery@6.0.0", "", {}, ""],

    "conventional-changelog-jshint": ["conventional-changelog-jshint@5.0.0", "", { "dependencies": { "compare-func": "^2.0.0" } }, ""],

    "conventional-changelog-preset-loader": ["conventional-changelog-preset-loader@5.0.0", "", {}, ""],

    "conventional-changelog-writer": ["conventional-changelog-writer@8.2.0", "", { "dependencies": { "conventional-commits-filter": "^5.0.0", "handlebars": "^4.7.7", "meow": "^13.0.0", "semver": "^7.5.2" }, "bin": "dist/cli/index.js" }, ""],

    "conventional-commits-filter": ["conventional-commits-filter@5.0.0", "", {}, ""],

    "conventional-commits-parser": ["conventional-commits-parser@6.2.0", "", { "dependencies": { "meow": "^13.0.0" }, "bin": "dist/cli/index.js" }, ""],

    "conventional-recommended-bump": ["conventional-recommended-bump@10.0.0", "", { "dependencies": { "@conventional-changelog/git-client": "^1.0.0", "conventional-changelog-preset-loader": "^5.0.0", "conventional-commits-filter": "^5.0.0", "conventional-commits-parser": "^6.0.0", "meow": "^13.0.0" }, "bin": "dist/cli/index.js" }, ""],

    "cross-spawn": ["cross-spawn@7.0.6", "", { "dependencies": { "path-key": "^3.1.0", "shebang-command": "^2.0.0", "which": "^2.0.1" } }, ""],

    "csstype": ["csstype@3.1.3", "", {}, ""],

    "data-uri-to-buffer": ["data-uri-to-buffer@6.0.2", "", {}, ""],

    "debug": ["debug@4.4.1", "", { "dependencies": { "ms": "^2.1.3" } }, ""],

    "default-browser": ["default-browser@5.2.1", "", { "dependencies": { "bundle-name": "^4.1.0", "default-browser-id": "^5.0.0" } }, ""],

    "default-browser-id": ["default-browser-id@5.0.0", "", {}, ""],

    "define-lazy-prop": ["define-lazy-prop@3.0.0", "", {}, ""],

    "defu": ["defu@6.1.4", "", {}, ""],

    "degenerator": ["degenerator@5.0.1", "", { "dependencies": { "ast-types": "^0.13.4", "escodegen": "^2.1.0", "esprima": "^4.0.1" } }, ""],

    "destr": ["destr@2.0.5", "", {}, ""],

    "dot-prop": ["dot-prop@5.3.0", "", { "dependencies": { "is-obj": "^2.0.0" } }, ""],

    "dotenv": ["dotenv@16.6.1", "", {}, ""],

    "emoji-regex": ["emoji-regex@10.4.0", "", {}, ""],

    "escodegen": ["escodegen@2.1.0", "", { "dependencies": { "esprima": "^4.0.1", "estraverse": "^5.2.0", "esutils": "^2.0.2" }, "optionalDependencies": { "source-map": "~0.6.1" }, "bin": { "escodegen": "bin/escodegen.js", "esgenerate": "bin/esgenerate.js" } }, ""],

    "esprima": ["esprima@4.0.1", "", { "bin": { "esparse": "bin/esparse.js", "esvalidate": "bin/esvalidate.js" } }, ""],

    "estraverse": ["estraverse@5.3.0", "", {}, ""],

    "esutils": ["esutils@2.0.3", "", {}, ""],

    "eta": ["eta@3.5.0", "", {}, ""],

    "execa": ["execa@8.0.1", "", { "dependencies": { "cross-spawn": "^7.0.3", "get-stream": "^8.0.1", "human-signals": "^5.0.0", "is-stream": "^3.0.0", "merge-stream": "^2.0.0", "npm-run-path": "^5.1.0", "onetime": "^6.0.0", "signal-exit": "^4.1.0", "strip-final-newline": "^3.0.0" } }, ""],

    "exsolve": ["exsolve@1.0.7", "", {}, ""],

    "external-editor": ["external-editor@3.1.0", "", { "dependencies": { "chardet": "^0.7.0", "iconv-lite": "^0.4.24", "tmp": "^0.0.33" } }, ""],

    "fast-content-type-parse": ["fast-content-type-parse@2.0.1", "", {}, ""],

    "fast-glob": ["fast-glob@3.3.3", "", { "dependencies": { "@nodelib/fs.stat": "^2.0.2", "@nodelib/fs.walk": "^1.2.3", "glob-parent": "^5.1.2", "merge2": "^1.3.0", "micromatch": "^4.0.8" } }, ""],

    "fastq": ["fastq@1.19.1", "", { "dependencies": { "reusify": "^1.0.4" } }, ""],

    "fd-package-json": ["fd-package-json@2.0.0", "", { "dependencies": { "walk-up-path": "^4.0.0" } }, ""],

    "fdir": ["fdir@6.4.6", "", { "peerDependencies": { "picomatch": "^3 || ^4" } }, ""],

    "fill-range": ["fill-range@7.1.1", "", { "dependencies": { "to-regex-range": "^5.0.1" } }, ""],

    "find-up-simple": ["find-up-simple@1.0.1", "", {}, ""],

    "formatly": ["formatly@0.2.4", "", { "dependencies": { "fd-package-json": "^2.0.0" }, "bin": "bin/index.mjs" }, ""],

    "get-east-asian-width": ["get-east-asian-width@1.3.0", "", {}, ""],

    "get-stream": ["get-stream@8.0.1", "", {}, ""],

    "get-uri": ["get-uri@6.0.5", "", { "dependencies": { "basic-ftp": "^5.0.2", "data-uri-to-buffer": "^6.0.2", "debug": "^4.3.4" } }, ""],

    "giget": ["giget@2.0.0", "", { "dependencies": { "citty": "^0.1.6", "consola": "^3.4.0", "defu": "^6.1.4", "node-fetch-native": "^1.6.6", "nypm": "^0.6.0", "pathe": "^2.0.3" }, "bin": "dist/cli.mjs" }, ""],

    "git-raw-commits": ["git-raw-commits@5.0.0", "", { "dependencies": { "@conventional-changelog/git-client": "^1.0.0", "meow": "^13.0.0" }, "bin": "src/cli.js" }, ""],

    "git-semver-tags": ["git-semver-tags@8.0.0", "", { "dependencies": { "@conventional-changelog/git-client": "^1.0.0", "meow": "^13.0.0" }, "bin": "src/cli.js" }, ""],

    "git-up": ["git-up@8.1.1", "", { "dependencies": { "is-ssh": "^1.4.0", "parse-url": "^9.2.0" } }, ""],

    "git-url-parse": ["git-url-parse@16.1.0", "", { "dependencies": { "git-up": "^8.1.0" } }, ""],

    "glob-parent": ["glob-parent@5.1.2", "", { "dependencies": { "is-glob": "^4.0.1" } }, ""],

    "handlebars": ["handlebars@4.7.8", "", { "dependencies": { "minimist": "^1.2.5", "neo-async": "^2.6.2", "source-map": "^0.6.1", "wordwrap": "^1.0.0" }, "optionalDependencies": { "uglify-js": "^3.1.4" }, "bin": "bin/handlebars" }, ""],

    "hosted-git-info": ["hosted-git-info@7.0.2", "", { "dependencies": { "lru-cache": "^10.0.1" } }, ""],

    "http-proxy-agent": ["http-proxy-agent@7.0.2", "", { "dependencies": { "agent-base": "^7.1.0", "debug": "^4.3.4" } }, ""],

    "https-proxy-agent": ["https-proxy-agent@7.0.6", "", { "dependencies": { "agent-base": "^7.1.2", "debug": "4" } }, ""],

    "human-signals": ["human-signals@5.0.0", "", {}, ""],

    "husky": ["husky@9.1.7", "", { "bin": { "husky": "bin.js" } }, "sha512-5gs5ytaNjBrh5Ow3zrvdUUY+0VxIuWVL4i9irt6friV+BqdCfmV11CQTWMiBYWHbXhco+J1kHfTOUkePhCDvMA=="],

    "iconv-lite": ["iconv-lite@0.4.24", "", { "dependencies": { "safer-buffer": ">= 2.1.2 < 3" } }, ""],

    "index-to-position": ["index-to-position@1.1.0", "", {}, ""],

    "inherits": ["inherits@2.0.4", "", {}, ""],

    "inquirer": ["inquirer@12.6.3", "", { "dependencies": { "@inquirer/core": "^10.1.13", "@inquirer/prompts": "^7.5.3", "@inquirer/type": "^3.0.7", "ansi-escapes": "^4.3.2", "mute-stream": "^2.0.0", "run-async": "^3.0.0", "rxjs": "^7.8.2" }, "peerDependencies": { "@types/node": ">=18" } }, ""],

    "ip-address": ["ip-address@9.0.5", "", { "dependencies": { "jsbn": "1.1.0", "sprintf-js": "^1.1.3" } }, ""],

    "is-docker": ["is-docker@3.0.0", "", { "bin": "cli.js" }, ""],

    "is-extglob": ["is-extglob@2.1.1", "", {}, ""],

    "is-fullwidth-code-point": ["is-fullwidth-code-point@3.0.0", "", {}, ""],

    "is-glob": ["is-glob@4.0.3", "", { "dependencies": { "is-extglob": "^2.1.1" } }, ""],

    "is-inside-container": ["is-inside-container@1.0.0", "", { "dependencies": { "is-docker": "^3.0.0" }, "bin": "cli.js" }, ""],

    "is-interactive": ["is-interactive@2.0.0", "", {}, ""],

    "is-number": ["is-number@7.0.0", "", {}, ""],

    "is-obj": ["is-obj@2.0.0", "", {}, ""],

    "is-ssh": ["is-ssh@1.4.1", "", { "dependencies": { "protocols": "^2.0.1" } }, ""],

    "is-stream": ["is-stream@3.0.0", "", {}, ""],

    "is-unicode-supported": ["is-unicode-supported@2.1.0", "", {}, ""],

    "is-wsl": ["is-wsl@3.1.0", "", { "dependencies": { "is-inside-container": "^1.0.0" } }, ""],

    "isexe": ["isexe@2.0.0", "", {}, ""],

    "issue-parser": ["issue-parser@7.0.1", "", { "dependencies": { "lodash.capitalize": "^4.2.1", "lodash.escaperegexp": "^4.1.2", "lodash.isplainobject": "^4.0.6", "lodash.isstring": "^4.0.1", "lodash.uniqby": "^4.7.0" } }, ""],

    "jiti": ["jiti@2.4.2", "", { "bin": "lib/jiti-cli.mjs" }, ""],

    "js-tokens": ["js-tokens@4.0.0", "", {}, ""],

    "js-yaml": ["js-yaml@4.1.0", "", { "dependencies": { "argparse": "^2.0.1" }, "bin": "bin/js-yaml.js" }, ""],

    "jsbn": ["jsbn@1.1.0", "", {}, ""],

    "knip": ["knip@5.61.3", "", { "dependencies": { "@nodelib/fs.walk": "^1.2.3", "fast-glob": "^3.3.3", "formatly": "^0.2.4", "jiti": "^2.4.2", "js-yaml": "^4.1.0", "minimist": "^1.2.8", "oxc-resolver": "^11.1.0", "picocolors": "^1.1.1", "picomatch": "^4.0.1", "smol-toml": "^1.3.4", "strip-json-comments": "5.0.2", "zod": "^3.22.4", "zod-validation-error": "^3.0.3" }, "peerDependencies": { "@types/node": ">=18", "typescript": ">=5.0.4" }, "bin": { "knip": "bin/knip.js", "knip-bun": "bin/knip-bun.js" } }, ""],

    "lodash": ["lodash@4.17.21", "", {}, ""],

    "lodash.capitalize": ["lodash.capitalize@4.2.1", "", {}, ""],

    "lodash.escaperegexp": ["lodash.escaperegexp@4.1.2", "", {}, ""],

    "lodash.get": ["lodash.get@4.4.2", "", {}, ""],

    "lodash.isplainobject": ["lodash.isplainobject@4.0.6", "", {}, ""],

    "lodash.isstring": ["lodash.isstring@4.0.1", "", {}, ""],

    "lodash.merge": ["lodash.merge@4.6.2", "", {}, ""],

    "lodash.uniqby": ["lodash.uniqby@4.7.0", "", {}, ""],

    "log-symbols": ["log-symbols@6.0.0", "", { "dependencies": { "chalk": "^5.3.0", "is-unicode-supported": "^1.3.0" } }, ""],

    "lru-cache": ["lru-cache@7.18.3", "", {}, ""],

    "macos-release": ["macos-release@3.4.0", "", {}, ""],

    "meow": ["meow@13.2.0", "", {}, ""],

    "merge-stream": ["merge-stream@2.0.0", "", {}, ""],

    "merge2": ["merge2@1.4.1", "", {}, ""],

    "micromatch": ["micromatch@4.0.8", "", { "dependencies": { "braces": "^3.0.3", "picomatch": "^2.3.1" } }, ""],

    "mime-db": ["mime-db@1.54.0", "", {}, ""],

    "mime-types": ["mime-types@3.0.1", "", { "dependencies": { "mime-db": "^1.54.0" } }, ""],

    "mimic-fn": ["mimic-fn@4.0.0", "", {}, ""],

    "mimic-function": ["mimic-function@5.0.1", "", {}, ""],

    "minimist": ["minimist@1.2.8", "", {}, ""],

    "ms": ["ms@2.1.3", "", {}, ""],

    "mute-stream": ["mute-stream@2.0.0", "", {}, ""],

    "napi-postinstall": ["napi-postinstall@0.3.0", "", { "bin": "lib/cli.js" }, ""],

    "neo-async": ["neo-async@2.6.2", "", {}, ""],

    "netmask": ["netmask@2.0.2", "", {}, ""],

    "new-github-release-url": ["new-github-release-url@2.0.0", "", { "dependencies": { "type-fest": "^2.5.1" } }, ""],

    "node-fetch-native": ["node-fetch-native@1.6.6", "", {}, ""],

    "normalize-package-data": ["normalize-package-data@6.0.2", "", { "dependencies": { "hosted-git-info": "^7.0.0", "semver": "^7.3.5", "validate-npm-package-license": "^3.0.4" } }, ""],

    "npm-check-updates": ["npm-check-updates@18.0.1", "", { "bin": { "ncu": "build/cli.js", "npm-check-updates": "build/cli.js" } }, "sha512-MO7mLp/8nm6kZNLLyPgz4gHmr9tLoU+pWPLdXuGAx+oZydBHkHWN0ibTonsrfwC2WEQNIQxuZagYwB67JQpAuw=="],

    "npm-run-path": ["npm-run-path@5.3.0", "", { "dependencies": { "path-key": "^4.0.0" } }, ""],

    "nypm": ["nypm@0.6.0", "", { "dependencies": { "citty": "^0.1.6", "consola": "^3.4.0", "pathe": "^2.0.3", "pkg-types": "^2.0.0", "tinyexec": "^0.3.2" }, "bin": "dist/cli.mjs" }, ""],

    "ohash": ["ohash@2.0.11", "", {}, ""],

    "onetime": ["onetime@7.0.0", "", { "dependencies": { "mimic-function": "^5.0.0" } }, ""],

    "open": ["open@10.1.2", "", { "dependencies": { "default-browser": "^5.2.1", "define-lazy-prop": "^3.0.0", "is-inside-container": "^1.0.0", "is-wsl": "^3.1.0" } }, ""],

    "ora": ["ora@8.2.0", "", { "dependencies": { "chalk": "^5.3.0", "cli-cursor": "^5.0.0", "cli-spinners": "^2.9.2", "is-interactive": "^2.0.0", "is-unicode-supported": "^2.0.0", "log-symbols": "^6.0.0", "stdin-discarder": "^0.2.2", "string-width": "^7.2.0", "strip-ansi": "^7.1.0" } }, ""],

    "os-name": ["os-name@6.1.0", "", { "dependencies": { "macos-release": "^3.3.0", "windows-release": "^6.1.0" } }, ""],

    "os-tmpdir": ["os-tmpdir@1.0.2", "", {}, ""],

    "oxc-resolver": ["oxc-resolver@11.5.2", "", { "dependencies": { "napi-postinstall": "^0.3.0" }, "optionalDependencies": { "@oxc-resolver/binding-darwin-arm64": "11.5.2" } }, ""],

    "pac-proxy-agent": ["pac-proxy-agent@7.2.0", "", { "dependencies": { "@tootallnate/quickjs-emscripten": "^0.23.0", "agent-base": "^7.1.2", "debug": "^4.3.4", "get-uri": "^6.0.1", "http-proxy-agent": "^7.0.0", "https-proxy-agent": "^7.0.6", "pac-resolver": "^7.0.1", "socks-proxy-agent": "^8.0.5" } }, ""],

    "pac-resolver": ["pac-resolver@7.0.1", "", { "dependencies": { "degenerator": "^5.0.0", "netmask": "^2.0.2" } }, ""],

    "parse-json": ["parse-json@8.3.0", "", { "dependencies": { "@babel/code-frame": "^7.26.2", "index-to-position": "^1.1.0", "type-fest": "^4.39.1" } }, ""],

    "parse-path": ["parse-path@7.1.0", "", { "dependencies": { "protocols": "^2.0.0" } }, ""],

    "parse-url": ["parse-url@9.2.0", "", { "dependencies": { "@types/parse-path": "^7.0.0", "parse-path": "^7.0.0" } }, ""],

    "path-key": ["path-key@3.1.1", "", {}, ""],

    "pathe": ["pathe@2.0.3", "", {}, ""],

    "perfect-debounce": ["perfect-debounce@1.0.0", "", {}, ""],

    "picocolors": ["picocolors@1.1.1", "", {}, ""],

    "picomatch": ["picomatch@4.0.2", "", {}, ""],

    "pkg-types": ["pkg-types@2.2.0", "", { "dependencies": { "confbox": "^0.2.2", "exsolve": "^1.0.7", "pathe": "^2.0.3" } }, ""],

    "protocols": ["protocols@2.0.2", "", {}, ""],

    "proxy-agent": ["proxy-agent@6.5.0", "", { "dependencies": { "agent-base": "^7.1.2", "debug": "^4.3.4", "http-proxy-agent": "^7.0.1", "https-proxy-agent": "^7.0.6", "lru-cache": "^7.14.1", "pac-proxy-agent": "^7.1.0", "proxy-from-env": "^1.1.0", "socks-proxy-agent": "^8.0.5" } }, ""],

    "proxy-from-env": ["proxy-from-env@1.1.0", "", {}, ""],

    "queue-microtask": ["queue-microtask@1.2.3", "", {}, ""],

    "rc9": ["rc9@2.1.2", "", { "dependencies": { "defu": "^6.1.4", "destr": "^2.0.3" } }, ""],

    "read-package-up": ["read-package-up@11.0.0", "", { "dependencies": { "find-up-simple": "^1.0.0", "read-pkg": "^9.0.0", "type-fest": "^4.6.0" } }, ""],

    "read-pkg": ["read-pkg@9.0.1", "", { "dependencies": { "@types/normalize-package-data": "^2.4.3", "normalize-package-data": "^6.0.0", "parse-json": "^8.0.0", "type-fest": "^4.6.0", "unicorn-magic": "^0.1.0" } }, ""],

    "readable-stream": ["readable-stream@3.6.2", "", { "dependencies": { "inherits": "^2.0.3", "string_decoder": "^1.1.1", "util-deprecate": "^1.0.1" } }, ""],

    "readdirp": ["readdirp@4.1.2", "", {}, ""],

    "release-it": ["release-it@19.0.3", "", { "dependencies": { "@nodeutils/defaults-deep": "1.1.0", "@octokit/rest": "21.1.1", "@phun-ky/typeof": "1.2.8", "async-retry": "1.3.3", "c12": "3.0.4", "ci-info": "^4.2.0", "eta": "3.5.0", "git-url-parse": "16.1.0", "inquirer": "12.6.3", "issue-parser": "7.0.1", "lodash.get": "4.4.2", "lodash.merge": "4.6.2", "mime-types": "3.0.1", "new-github-release-url": "2.0.0", "open": "10.1.2", "ora": "8.2.0", "os-name": "6.1.0", "proxy-agent": "6.5.0", "semver": "7.7.2", "tinyglobby": "0.2.14", "undici": "6.21.2", "url-join": "5.0.0", "wildcard-match": "5.1.4", "yargs-parser": "21.1.1" }, "bin": "bin/release-it.js" }, ""],

    "restore-cursor": ["restore-cursor@5.1.0", "", { "dependencies": { "onetime": "^7.0.0", "signal-exit": "^4.1.0" } }, ""],

    "retry": ["retry@0.13.1", "", {}, ""],

    "reusify": ["reusify@1.1.0", "", {}, ""],

    "run-applescript": ["run-applescript@7.0.0", "", {}, ""],

    "run-async": ["run-async@3.0.0", "", {}, ""],

    "run-parallel": ["run-parallel@1.2.0", "", { "dependencies": { "queue-microtask": "^1.2.2" } }, ""],

    "rxjs": ["rxjs@7.8.2", "", { "dependencies": { "tslib": "^2.1.0" } }, ""],

    "safe-buffer": ["safe-buffer@5.2.1", "", {}, ""],

    "safer-buffer": ["safer-buffer@2.1.2", "", {}, ""],

    "semver": ["semver@7.7.2", "", { "bin": "bin/semver.js" }, ""],

    "shebang-command": ["shebang-command@2.0.0", "", { "dependencies": { "shebang-regex": "^3.0.0" } }, ""],

    "shebang-regex": ["shebang-regex@3.0.0", "", {}, ""],

    "signal-exit": ["signal-exit@4.1.0", "", {}, ""],

    "smart-buffer": ["smart-buffer@4.2.0", "", {}, ""],

    "smol-toml": ["smol-toml@1.4.1", "", {}, ""],

    "socks": ["socks@2.8.5", "", { "dependencies": { "ip-address": "^9.0.5", "smart-buffer": "^4.2.0" } }, ""],

    "socks-proxy-agent": ["socks-proxy-agent@8.0.5", "", { "dependencies": { "agent-base": "^7.1.2", "debug": "^4.3.4", "socks": "^2.8.3" } }, ""],

    "source-map": ["source-map@0.6.1", "", {}, ""],

    "spdx-correct": ["spdx-correct@3.2.0", "", { "dependencies": { "spdx-expression-parse": "^3.0.0", "spdx-license-ids": "^3.0.0" } }, ""],

    "spdx-exceptions": ["spdx-exceptions@2.5.0", "", {}, ""],

    "spdx-expression-parse": ["spdx-expression-parse@3.0.1", "", { "dependencies": { "spdx-exceptions": "^2.1.0", "spdx-license-ids": "^3.0.0" } }, ""],

    "spdx-license-ids": ["spdx-license-ids@3.0.21", "", {}, ""],

    "sprintf-js": ["sprintf-js@1.1.3", "", {}, ""],

    "stdin-discarder": ["stdin-discarder@0.2.2", "", {}, ""],

    "string-width": ["string-width@7.2.0", "", { "dependencies": { "emoji-regex": "^10.3.0", "get-east-asian-width": "^1.0.0", "strip-ansi": "^7.1.0" } }, ""],

    "string_decoder": ["string_decoder@1.3.0", "", { "dependencies": { "safe-buffer": "~5.2.0" } }, ""],

    "strip-ansi": ["strip-ansi@7.1.0", "", { "dependencies": { "ansi-regex": "^6.0.1" } }, ""],

    "strip-final-newline": ["strip-final-newline@3.0.0", "", {}, ""],

    "strip-json-comments": ["strip-json-comments@5.0.2", "", {}, ""],

    "tinyexec": ["tinyexec@0.3.2", "", {}, ""],

    "tinyglobby": ["tinyglobby@0.2.14", "", { "dependencies": { "fdir": "^6.4.4", "picomatch": "^4.0.2" } }, ""],

    "tmp": ["tmp@0.0.33", "", { "dependencies": { "os-tmpdir": "~1.0.2" } }, ""],

    "to-regex-range": ["to-regex-range@5.0.1", "", { "dependencies": { "is-number": "^7.0.0" } }, ""],

    "tslib": ["tslib@2.8.1", "", {}, ""],

    "type-fest": ["type-fest@2.19.0", "", {}, ""],

    "typedarray": ["typedarray@0.0.6", "", {}, ""],

    "typescript": ["typescript@5.8.3", "", { "bin": { "tsc": "bin/tsc", "tsserver": "bin/tsserver" } }, ""],

    "uglify-js": ["uglify-js@3.19.3", "", { "bin": { "uglifyjs": "bin/uglifyjs" } }, ""],

    "undici": ["undici@6.21.2", "", {}, ""],

    "undici-types": ["undici-types@7.8.0", "", {}, ""],

    "unicorn-magic": ["unicorn-magic@0.1.0", "", {}, ""],

    "universal-user-agent": ["universal-user-agent@7.0.3", "", {}, ""],

    "url-join": ["url-join@5.0.0", "", {}, ""],

    "util-deprecate": ["util-deprecate@1.0.2", "", {}, ""],

    "validate-npm-package-license": ["validate-npm-package-license@3.0.4", "", { "dependencies": { "spdx-correct": "^3.0.0", "spdx-expression-parse": "^3.0.0" } }, ""],

    "walk-up-path": ["walk-up-path@4.0.0", "", {}, ""],

    "which": ["which@2.0.2", "", { "dependencies": { "isexe": "^2.0.0" }, "bin": { "node-which": "bin/node-which" } }, ""],

    "wildcard-match": ["wildcard-match@5.1.4", "", {}, ""],

    "windows-release": ["windows-release@6.1.0", "", { "dependencies": { "execa": "^8.0.1" } }, ""],

    "wordwrap": ["wordwrap@1.0.0", "", {}, ""],

    "wrap-ansi": ["wrap-ansi@6.2.0", "", { "dependencies": { "ansi-styles": "^4.0.0", "string-width": "^4.1.0", "strip-ansi": "^6.0.0" } }, ""],

    "yargs-parser": ["yargs-parser@21.1.1", "", {}, ""],

    "yoctocolors-cjs": ["yoctocolors-cjs@2.1.2", "", {}, ""],

    "zod": ["zod@4.0.5", "", {}, "sha512-/5UuuRPStvHXu7RS+gmvRf4NXrNxpSllGwDnCBcJZtQsKrviYXm54yDGV2KYNLT5kq0lHGcl7lqWJLgSaG+tgA=="],

    "zod-validation-error": ["zod-validation-error@3.5.2", "", { "peerDependencies": { "zod": "^3.25.0" } }, "sha512-mdi7YOLtram5dzJ5aDtm1AG9+mxRma1iaMrZdYIpFO7epdKBUwLHIxTF8CPDeCQ828zAXYtizrKlEJAtzgfgrw=="],

    "@lcov-viewer/cli/commander": ["commander@9.5.0", "", {}, ""],

    "@octokit/plugin-paginate-rest/@octokit/types": ["@octokit/types@13.10.0", "", { "dependencies": { "@octokit/openapi-types": "^24.2.0" } }, ""],

    "@octokit/plugin-rest-endpoint-methods/@octokit/types": ["@octokit/types@13.10.0", "", { "dependencies": { "@octokit/openapi-types": "^24.2.0" } }, ""],

    "ansi-escapes/type-fest": ["type-fest@0.21.3", "", {}, ""],

    "execa/onetime": ["onetime@6.0.0", "", { "dependencies": { "mimic-fn": "^4.0.0" } }, ""],

    "hosted-git-info/lru-cache": ["lru-cache@10.4.3", "", {}, ""],

    "knip/zod": ["zod@3.25.76", "", {}, ""],

    "log-symbols/is-unicode-supported": ["is-unicode-supported@1.3.0", "", {}, ""],

    "micromatch/picomatch": ["picomatch@2.3.1", "", {}, ""],

    "npm-run-path/path-key": ["path-key@4.0.0", "", {}, ""],

    "parse-json/type-fest": ["type-fest@4.41.0", "", {}, ""],

    "read-package-up/type-fest": ["type-fest@4.41.0", "", {}, ""],

    "read-pkg/type-fest": ["type-fest@4.41.0", "", {}, ""],

    "wrap-ansi/string-width": ["string-width@4.2.3", "", { "dependencies": { "emoji-regex": "^8.0.0", "is-fullwidth-code-point": "^3.0.0", "strip-ansi": "^6.0.1" } }, ""],

    "wrap-ansi/strip-ansi": ["strip-ansi@6.0.1", "", { "dependencies": { "ansi-regex": "^5.0.1" } }, ""],

    "@octokit/plugin-paginate-rest/@octokit/types/@octokit/openapi-types": ["@octokit/openapi-types@24.2.0", "", {}, ""],

    "@octokit/plugin-rest-endpoint-methods/@octokit/types/@octokit/openapi-types": ["@octokit/openapi-types@24.2.0", "", {}, ""],

    "wrap-ansi/string-width/emoji-regex": ["emoji-regex@8.0.0", "", {}, ""],

    "wrap-ansi/strip-ansi/ansi-regex": ["ansi-regex@5.0.1", "", {}, ""],
  }
}
